
Microsoft Visual Studio Solution File, Format Version 12.00
# Visual Studio Version 17
VisualStudioVersion = 17.13.35919.96 d17.13
MinimumVisualStudioVersion = 10.0.40219.1
Project("{FAE04EC0-301F-11D3-BF4B-00C04F79EFBC}") = "MFBVendas1", "MFBVendas1\MFBVendas1.csproj", "{B1DDBD39-FA94-458A-A9DC-6D9CA23E4832}"
EndProject
Global
	GlobalSection(SolutionConfigurationPlatforms) = preSolution
		Debug|Any CPU = Debug|Any CPU
		Release|Any CPU = Release|Any CPU
	EndGlobalSection
	GlobalSection(ProjectConfigurationPlatforms) = postSolution
		{B1DDBD39-FA94-458A-A9DC-6D9CA23E4832}.Debug|Any CPU.ActiveCfg = Debug|Any CPU
		{B1DDBD39-FA94-458A-A9DC-6D9CA23E4832}.Debug|Any CPU.Build.0 = Debug|Any CPU
		{B1DDBD39-FA94-458A-A9DC-6D9CA23E4832}.Release|Any CPU.ActiveCfg = Release|Any CPU
		{B1DDBD39-FA94-458A-A9DC-6D9CA23E4832}.Release|Any CPU.Build.0 = Release|Any CPU
	EndGlobalSection
	GlobalSection(SolutionProperties) = preSolution
		HideSolutionNode = FALSE
	EndGlobalSection
	GlobalSection(ExtensibilityGlobals) = postSolution
		SolutionGuid = {AFFB62C3-BB00-4D80-A7D1-8D9105F2AD82}
	EndGlobalSection
EndGlobal
